
Microsoft Visual Studio Solution File, Format Version 12.00
# Visual Studio 15
VisualStudioVersion = 15.0.27004.2008
MinimumVisualStudioVersion = 10.0.40219.1
Project("{FAE04EC0-301F-11D3-BF4B-00C04F79EFBC}") = "AspNetVs2017.Capitulo01.Variaveis", "AspNetVs2017.Capitulo01.Variaveis\AspNetVs2017.Capitulo01.Variaveis.csproj", "{993C45EF-4E7D-40A0-ABE7-46890CAD0785}"
EndProject
Project("{FAE04EC0-301F-11D3-BF4B-00C04F79EFBC}") = "AspNetVS2017.Capitulo01.Troco", "AspNetVS2017.Capitulo01.Troco\AspNetVS2017.Capitulo01.Troco.csproj", "{B7FF9D60-7537-41B9-B854-7990E2B3E2F6}"
EndProject
Project("{FAE04EC0-301F-11D3-BF4B-00C04F79EFBC}") = "AspNetVS2017.Capitulo01.Fretes", "AspNetVS2017.Capitulo01.Fretes\AspNetVS2017.Capitulo01.Fretes.csproj", "{7DCA8627-439D-4445-9F58-C2DE445913EF}"
EndProject
Project("{FAE04EC0-301F-11D3-BF4B-00C04F79EFBC}") = "AspNetVS2017.Capitulo01.Tabuada", "AspNetVS2017.Capitulo01.Tabuada\AspNetVS2017.Capitulo01.Tabuada.csproj", "{F71DBEC9-2A5D-49A1-9563-8829F931BA47}"
EndProject
Project("{FAE04EC0-301F-11D3-BF4B-00C04F79EFBC}") = "AspNetVS2017.Capitulo01.Repeticao.Testes", "AspNetVS2017.Capitulo01.Repeticao.Testes\AspNetVS2017.Capitulo01.Repeticao.Testes.csproj", "{85E9B4C1-AD8F-4919-8175-2F551CCA5CE3}"
EndProject
Project("{FAE04EC0-301F-11D3-BF4B-00C04F79EFBC}") = "AspNetVS2017.Capitulo01.Vetores.Testes", "AspNetVS2017.Capitulo01.Vetores.Testes\AspNetVS2017.Capitulo01.Vetores.Testes.csproj", "{20BEC834-C685-4454-8C82-CFE6FA6B0532}"
EndProject
Project("{2150E333-8FDC-42A3-9474-1A3956D46DE8}") = "Oficina", "Oficina", "{D159EFFD-ED85-4C45-8BBE-9BACA731191F}"
EndProject
Project("{FAE04EC0-301F-11D3-BF4B-00C04F79EFBC}") = "Oficina.Dominio", "Oficina.Dominio\Oficina.Dominio.csproj", "{42E8462F-C2A7-4D6D-BF2E-C2C30182F771}"
EndProject
Project("{FAE04EC0-301F-11D3-BF4B-00C04F79EFBC}") = "Oficina.Repositorios.SistemaDeArquivos", "Oficina.Repositorios.SistemaDeArquivos\Oficina.Repositorios.SistemaDeArquivos.csproj", "{0C3049FE-B0F0-4CDB-8DC8-271A3445122A}"
EndProject
Project("{2150E333-8FDC-42A3-9474-1A3956D46DE8}") = "Exercicios", "Exercicios", "{80666117-6D56-47FC-A085-2C0F1A8911BE}"
EndProject
Project("{FAE04EC0-301F-11D3-BF4B-00C04F79EFBC}") = "Oficina.Repositorios.SistemaDeArquivosTests", "Oficina.Repositorios.SistemaDeArquivosTests\Oficina.Repositorios.SistemaDeArquivosTests.csproj", "{FE5223D6-88D0-4302-B54C-DEF3FB547759}"
EndProject
Project("{2150E333-8FDC-42A3-9474-1A3956D46DE8}") = "Testes", "Testes", "{350AA61B-9D8A-4E83-A1A2-F65FD11C7A8A}"
EndProject
Project("{FAE04EC0-301F-11D3-BF4B-00C04F79EFBC}") = "Oficina.WebPages", "Oficina.WebPages\Oficina.WebPages.csproj", "{B2BE902A-A0DE-4EAE-B9D9-8B63438BBB2B}"
EndProject
Project("{FAE04EC0-301F-11D3-BF4B-00C04F79EFBC}") = "AspNetVS2017.Capitulo02.Http.Testes", "AspNetVS2017.Capitulo02.Http.Testes\AspNetVS2017.Capitulo02.Http.Testes.csproj", "{111B43CB-9A41-4736-8626-0CEDEAF3FACD}"
EndProject
Project("{FAE04EC0-301F-11D3-BF4B-00C04F79EFBC}") = "AspNetVS2017.Caopitulo03.MVC.Portfolio", "AspNetVS2017.Caopitulo03.MVC.Portifolio\AspNetVS2017.Caopitulo03.MVC.Portfolio.csproj", "{6BF2A59D-4317-4624-AFC2-5E0FF2A0399D}"
EndProject
Project("{2150E333-8FDC-42A3-9474-1A3956D46DE8}") = "ViagensOnline", "ViagensOnline", "{9F594A0A-47E1-41DC-8700-B5EC677A7048}"
EndProject
Project("{2150E333-8FDC-42A3-9474-1A3956D46DE8}") = "Portfolio", "Portfolio", "{68E05FC7-A3C1-491F-A4EA-8F4B7398FB4E}"
EndProject
Project("{FAE04EC0-301F-11D3-BF4B-00C04F79EFBC}") = "ViagensOnline.Dominio", "ViagensOnline.Dominio\ViagensOnline.Dominio.csproj", "{F7E9F5DB-9212-4105-B2F8-0F3873C2538B}"
EndProject
Project("{FAE04EC0-301F-11D3-BF4B-00C04F79EFBC}") = "ViagensOnline.Repositorios.SqlServer", "ViagensOnline.Repositorios.SqlServer\ViagensOnline.Repositorios.SqlServer.csproj", "{CFF35B55-B1B3-43AC-AD20-308E444F66B8}"
EndProject
Project("{FAE04EC0-301F-11D3-BF4B-00C04F79EFBC}") = "ViagensOnline.Repositorios.SqlServerTests", "ViagensOnline.Repositorios.SqlServerTests\ViagensOnline.Repositorios.SqlServerTests.csproj", "{7EB22873-C1C7-4838-81BC-5D2D0339033C}"
EndProject
Project("{2150E333-8FDC-42A3-9474-1A3956D46DE8}") = "TestUnitario", "TestUnitario", "{58693F2C-10A8-4139-8427-8A8CD696ABFB}"
EndProject
Project("{FAE04EC0-301F-11D3-BF4B-00C04F79EFBC}") = "ViagensOnline.MVC", "ViagensOnline.MVC\ViagensOnline.MVC.csproj", "{07C8DD14-5107-4A7D-AF12-1E22279ABA5B}"
EndProject
Project("{2150E333-8FDC-42A3-9474-1A3956D46DE8}") = "Pessoal", "Pessoal", "{0E6631BF-7CFD-4A25-8F7F-6825305A32C9}"
EndProject
Project("{FAE04EC0-301F-11D3-BF4B-00C04F79EFBC}") = "Pessoal.Dominio", "Pessoal.Dominio\Pessoal.Dominio.csproj", "{93371806-A7E1-454F-9B86-C109CD682ACC}"
EndProject
Project("{FAE04EC0-301F-11D3-BF4B-00C04F79EFBC}") = "Pessoal.Repositorios.SqlServer", "Pessoal.Repositorios.SqlServer\Pessoal.Repositorios.SqlServer.csproj", "{097DC37C-7AE4-457E-95A1-E54695DDE73D}"
EndProject
Project("{FAE04EC0-301F-11D3-BF4B-00C04F79EFBC}") = "Pessoal.Repositorios.SqlServerTests", "Pessoal.Repositorios.SqlServerTests\Pessoal.Repositorios.SqlServerTests.csproj", "{5CF48A1C-8868-4A25-BDBE-E5FBC57670E4}"
EndProject
Project("{2150E333-8FDC-42A3-9474-1A3956D46DE8}") = "Test", "Test", "{57DFC6EC-0223-4FFE-A1E3-EE72507F3FA5}"
EndProject
Project("{9A19103F-16F7-4668-BE54-9A1E7A4F7556}") = "Pessoal.MVC", "Pessoal.MVC\Pessoal.MVC.csproj", "{20AC27D0-70FE-4807-AE4F-5F0FFE1AF907}"
EndProject
Project("{FAE04EC0-301F-11D3-BF4B-00C04F79EFBC}") = "AspNetVS2017.Capitulo08.EFModelDatabaseFirst", "AspNetVS2017.Capitulo08.EFModelDatabaseFirst\AspNetVS2017.Capitulo08.EFModelDatabaseFirst.csproj", "{CFABDFB4-498C-4E36-BDB0-DB39F3E0DE03}"
EndProject
Project("{2150E333-8FDC-42A3-9474-1A3956D46DE8}") = "Northwind", "Northwind", "{65904751-028E-438F-A94F-2E5A2F6EBEBD}"
EndProject
Project("{FAE04EC0-301F-11D3-BF4B-00C04F79EFBC}") = "Northwind.Repositorios.SqlServer", "Northwind.Repositorios.SqlServer\Northwind.Repositorios.SqlServer.csproj", "{49115E9F-A559-453D-8E1E-7325F59FE15F}"
EndProject
Project("{2150E333-8FDC-42A3-9474-1A3956D46DE8}") = "Loja", "Loja", "{C4A24505-B9BF-4072-997E-4D84A21489E6}"
EndProject
Project("{FAE04EC0-301F-11D3-BF4B-00C04F79EFBC}") = "Loja.Dominio", "Loja.Dominio\Loja.Dominio.csproj", "{40B99146-8D14-4191-98BE-FA7CFDB1F90A}"
EndProject
Project("{FAE04EC0-301F-11D3-BF4B-00C04F79EFBC}") = "Loja.Repositorios.SqlServer", "Loja.Repositorios.SqlServer\Loja.Repositorios.SqlServer.csproj", "{733F5CD9-17A7-42FF-94E3-F537038B6E5C}"
EndProject
Project("{FAE04EC0-301F-11D3-BF4B-00C04F79EFBC}") = "Loja.Repositorios.SqlServerTests", "Loja.Repositorios.SqlServerTests\Loja.Repositorios.SqlServerTests.csproj", "{A4A84B53-73DD-428C-8ACC-E389C3198744}"
EndProject
Project("{2150E333-8FDC-42A3-9474-1A3956D46DE8}") = "Test", "Test", "{ABB3CB1A-8B9C-4C6C-9C67-020506CCCD78}"
EndProject
Project("{FAE04EC0-301F-11D3-BF4B-00C04F79EFBC}") = "Loja.MVC", "Loja.MVC\Loja.MVC.csproj", "{F9CD0E01-42CB-4B01-875F-9FE8A10FE835}"
EndProject
Project("{FAE04EC0-301F-11D3-BF4B-00C04F79EFBC}") = "Northwind.WebApi", "Northwind.WebApi\Northwind.WebApi.csproj", "{F8AB2827-D427-4BE1-9B1C-B2478006B599}"
EndProject
Global
	GlobalSection(SolutionConfigurationPlatforms) = preSolution
		Debug|Any CPU = Debug|Any CPU
		Release|Any CPU = Release|Any CPU
	EndGlobalSection
	GlobalSection(ProjectConfigurationPlatforms) = postSolution
		{993C45EF-4E7D-40A0-ABE7-46890CAD0785}.Debug|Any CPU.ActiveCfg = Debug|Any CPU
		{993C45EF-4E7D-40A0-ABE7-46890CAD0785}.Debug|Any CPU.Build.0 = Debug|Any CPU
		{993C45EF-4E7D-40A0-ABE7-46890CAD0785}.Release|Any CPU.ActiveCfg = Release|Any CPU
		{993C45EF-4E7D-40A0-ABE7-46890CAD0785}.Release|Any CPU.Build.0 = Release|Any CPU
		{B7FF9D60-7537-41B9-B854-7990E2B3E2F6}.Debug|Any CPU.ActiveCfg = Debug|Any CPU
		{B7FF9D60-7537-41B9-B854-7990E2B3E2F6}.Debug|Any CPU.Build.0 = Debug|Any CPU
		{B7FF9D60-7537-41B9-B854-7990E2B3E2F6}.Release|Any CPU.ActiveCfg = Release|Any CPU
		{B7FF9D60-7537-41B9-B854-7990E2B3E2F6}.Release|Any CPU.Build.0 = Release|Any CPU
		{7DCA8627-439D-4445-9F58-C2DE445913EF}.Debug|Any CPU.ActiveCfg = Debug|Any CPU
		{7DCA8627-439D-4445-9F58-C2DE445913EF}.Debug|Any CPU.Build.0 = Debug|Any CPU
		{7DCA8627-439D-4445-9F58-C2DE445913EF}.Release|Any CPU.ActiveCfg = Release|Any CPU
		{7DCA8627-439D-4445-9F58-C2DE445913EF}.Release|Any CPU.Build.0 = Release|Any CPU
		{F71DBEC9-2A5D-49A1-9563-8829F931BA47}.Debug|Any CPU.ActiveCfg = Debug|Any CPU
		{F71DBEC9-2A5D-49A1-9563-8829F931BA47}.Debug|Any CPU.Build.0 = Debug|Any CPU
		{F71DBEC9-2A5D-49A1-9563-8829F931BA47}.Release|Any CPU.ActiveCfg = Release|Any CPU
		{F71DBEC9-2A5D-49A1-9563-8829F931BA47}.Release|Any CPU.Build.0 = Release|Any CPU
		{85E9B4C1-AD8F-4919-8175-2F551CCA5CE3}.Debug|Any CPU.ActiveCfg = Debug|Any CPU
		{85E9B4C1-AD8F-4919-8175-2F551CCA5CE3}.Debug|Any CPU.Build.0 = Debug|Any CPU
		{85E9B4C1-AD8F-4919-8175-2F551CCA5CE3}.Release|Any CPU.ActiveCfg = Release|Any CPU
		{85E9B4C1-AD8F-4919-8175-2F551CCA5CE3}.Release|Any CPU.Build.0 = Release|Any CPU
		{20BEC834-C685-4454-8C82-CFE6FA6B0532}.Debug|Any CPU.ActiveCfg = Debug|Any CPU
		{20BEC834-C685-4454-8C82-CFE6FA6B0532}.Debug|Any CPU.Build.0 = Debug|Any CPU
		{20BEC834-C685-4454-8C82-CFE6FA6B0532}.Release|Any CPU.ActiveCfg = Release|Any CPU
		{20BEC834-C685-4454-8C82-CFE6FA6B0532}.Release|Any CPU.Build.0 = Release|Any CPU
		{42E8462F-C2A7-4D6D-BF2E-C2C30182F771}.Debug|Any CPU.ActiveCfg = Debug|Any CPU
		{42E8462F-C2A7-4D6D-BF2E-C2C30182F771}.Debug|Any CPU.Build.0 = Debug|Any CPU
		{42E8462F-C2A7-4D6D-BF2E-C2C30182F771}.Release|Any CPU.ActiveCfg = Release|Any CPU
		{42E8462F-C2A7-4D6D-BF2E-C2C30182F771}.Release|Any CPU.Build.0 = Release|Any CPU
		{0C3049FE-B0F0-4CDB-8DC8-271A3445122A}.Debug|Any CPU.ActiveCfg = Debug|Any CPU
		{0C3049FE-B0F0-4CDB-8DC8-271A3445122A}.Debug|Any CPU.Build.0 = Debug|Any CPU
		{0C3049FE-B0F0-4CDB-8DC8-271A3445122A}.Release|Any CPU.ActiveCfg = Release|Any CPU
		{0C3049FE-B0F0-4CDB-8DC8-271A3445122A}.Release|Any CPU.Build.0 = Release|Any CPU
		{FE5223D6-88D0-4302-B54C-DEF3FB547759}.Debug|Any CPU.ActiveCfg = Debug|Any CPU
		{FE5223D6-88D0-4302-B54C-DEF3FB547759}.Debug|Any CPU.Build.0 = Debug|Any CPU
		{FE5223D6-88D0-4302-B54C-DEF3FB547759}.Release|Any CPU.ActiveCfg = Release|Any CPU
		{FE5223D6-88D0-4302-B54C-DEF3FB547759}.Release|Any CPU.Build.0 = Release|Any CPU
		{B2BE902A-A0DE-4EAE-B9D9-8B63438BBB2B}.Debug|Any CPU.ActiveCfg = Debug|Any CPU
		{B2BE902A-A0DE-4EAE-B9D9-8B63438BBB2B}.Debug|Any CPU.Build.0 = Debug|Any CPU
		{B2BE902A-A0DE-4EAE-B9D9-8B63438BBB2B}.Release|Any CPU.ActiveCfg = Release|Any CPU
		{B2BE902A-A0DE-4EAE-B9D9-8B63438BBB2B}.Release|Any CPU.Build.0 = Release|Any CPU
		{111B43CB-9A41-4736-8626-0CEDEAF3FACD}.Debug|Any CPU.ActiveCfg = Debug|Any CPU
		{111B43CB-9A41-4736-8626-0CEDEAF3FACD}.Debug|Any CPU.Build.0 = Debug|Any CPU
		{111B43CB-9A41-4736-8626-0CEDEAF3FACD}.Release|Any CPU.ActiveCfg = Release|Any CPU
		{111B43CB-9A41-4736-8626-0CEDEAF3FACD}.Release|Any CPU.Build.0 = Release|Any CPU
		{6BF2A59D-4317-4624-AFC2-5E0FF2A0399D}.Debug|Any CPU.ActiveCfg = Debug|Any CPU
		{6BF2A59D-4317-4624-AFC2-5E0FF2A0399D}.Debug|Any CPU.Build.0 = Debug|Any CPU
		{6BF2A59D-4317-4624-AFC2-5E0FF2A0399D}.Release|Any CPU.ActiveCfg = Release|Any CPU
		{6BF2A59D-4317-4624-AFC2-5E0FF2A0399D}.Release|Any CPU.Build.0 = Release|Any CPU
		{F7E9F5DB-9212-4105-B2F8-0F3873C2538B}.Debug|Any CPU.ActiveCfg = Debug|Any CPU
		{F7E9F5DB-9212-4105-B2F8-0F3873C2538B}.Debug|Any CPU.Build.0 = Debug|Any CPU
		{F7E9F5DB-9212-4105-B2F8-0F3873C2538B}.Release|Any CPU.ActiveCfg = Release|Any CPU
		{F7E9F5DB-9212-4105-B2F8-0F3873C2538B}.Release|Any CPU.Build.0 = Release|Any CPU
		{CFF35B55-B1B3-43AC-AD20-308E444F66B8}.Debug|Any CPU.ActiveCfg = Debug|Any CPU
		{CFF35B55-B1B3-43AC-AD20-308E444F66B8}.Debug|Any CPU.Build.0 = Debug|Any CPU
		{CFF35B55-B1B3-43AC-AD20-308E444F66B8}.Release|Any CPU.ActiveCfg = Release|Any CPU
		{CFF35B55-B1B3-43AC-AD20-308E444F66B8}.Release|Any CPU.Build.0 = Release|Any CPU
		{7EB22873-C1C7-4838-81BC-5D2D0339033C}.Debug|Any CPU.ActiveCfg = Debug|Any CPU
		{7EB22873-C1C7-4838-81BC-5D2D0339033C}.Debug|Any CPU.Build.0 = Debug|Any CPU
		{7EB22873-C1C7-4838-81BC-5D2D0339033C}.Release|Any CPU.ActiveCfg = Release|Any CPU
		{7EB22873-C1C7-4838-81BC-5D2D0339033C}.Release|Any CPU.Build.0 = Release|Any CPU
		{07C8DD14-5107-4A7D-AF12-1E22279ABA5B}.Debug|Any CPU.ActiveCfg = Debug|Any CPU
		{07C8DD14-5107-4A7D-AF12-1E22279ABA5B}.Debug|Any CPU.Build.0 = Debug|Any CPU
		{07C8DD14-5107-4A7D-AF12-1E22279ABA5B}.Release|Any CPU.ActiveCfg = Release|Any CPU
		{07C8DD14-5107-4A7D-AF12-1E22279ABA5B}.Release|Any CPU.Build.0 = Release|Any CPU
		{93371806-A7E1-454F-9B86-C109CD682ACC}.Debug|Any CPU.ActiveCfg = Debug|Any CPU
		{93371806-A7E1-454F-9B86-C109CD682ACC}.Debug|Any CPU.Build.0 = Debug|Any CPU
		{93371806-A7E1-454F-9B86-C109CD682ACC}.Release|Any CPU.ActiveCfg = Release|Any CPU
		{93371806-A7E1-454F-9B86-C109CD682ACC}.Release|Any CPU.Build.0 = Release|Any CPU
		{097DC37C-7AE4-457E-95A1-E54695DDE73D}.Debug|Any CPU.ActiveCfg = Debug|Any CPU
		{097DC37C-7AE4-457E-95A1-E54695DDE73D}.Debug|Any CPU.Build.0 = Debug|Any CPU
		{097DC37C-7AE4-457E-95A1-E54695DDE73D}.Release|Any CPU.ActiveCfg = Release|Any CPU
		{097DC37C-7AE4-457E-95A1-E54695DDE73D}.Release|Any CPU.Build.0 = Release|Any CPU
		{5CF48A1C-8868-4A25-BDBE-E5FBC57670E4}.Debug|Any CPU.ActiveCfg = Debug|Any CPU
		{5CF48A1C-8868-4A25-BDBE-E5FBC57670E4}.Debug|Any CPU.Build.0 = Debug|Any CPU
		{5CF48A1C-8868-4A25-BDBE-E5FBC57670E4}.Release|Any CPU.ActiveCfg = Release|Any CPU
		{5CF48A1C-8868-4A25-BDBE-E5FBC57670E4}.Release|Any CPU.Build.0 = Release|Any CPU
		{20AC27D0-70FE-4807-AE4F-5F0FFE1AF907}.Debug|Any CPU.ActiveCfg = Debug|Any CPU
		{20AC27D0-70FE-4807-AE4F-5F0FFE1AF907}.Debug|Any CPU.Build.0 = Debug|Any CPU
		{20AC27D0-70FE-4807-AE4F-5F0FFE1AF907}.Release|Any CPU.ActiveCfg = Release|Any CPU
		{20AC27D0-70FE-4807-AE4F-5F0FFE1AF907}.Release|Any CPU.Build.0 = Release|Any CPU
		{CFABDFB4-498C-4E36-BDB0-DB39F3E0DE03}.Debug|Any CPU.ActiveCfg = Debug|Any CPU
		{CFABDFB4-498C-4E36-BDB0-DB39F3E0DE03}.Debug|Any CPU.Build.0 = Debug|Any CPU
		{CFABDFB4-498C-4E36-BDB0-DB39F3E0DE03}.Release|Any CPU.ActiveCfg = Release|Any CPU
		{CFABDFB4-498C-4E36-BDB0-DB39F3E0DE03}.Release|Any CPU.Build.0 = Release|Any CPU
		{49115E9F-A559-453D-8E1E-7325F59FE15F}.Debug|Any CPU.ActiveCfg = Debug|Any CPU
		{49115E9F-A559-453D-8E1E-7325F59FE15F}.Debug|Any CPU.Build.0 = Debug|Any CPU
		{49115E9F-A559-453D-8E1E-7325F59FE15F}.Release|Any CPU.ActiveCfg = Release|Any CPU
		{49115E9F-A559-453D-8E1E-7325F59FE15F}.Release|Any CPU.Build.0 = Release|Any CPU
		{40B99146-8D14-4191-98BE-FA7CFDB1F90A}.Debug|Any CPU.ActiveCfg = Debug|Any CPU
		{40B99146-8D14-4191-98BE-FA7CFDB1F90A}.Debug|Any CPU.Build.0 = Debug|Any CPU
		{40B99146-8D14-4191-98BE-FA7CFDB1F90A}.Release|Any CPU.ActiveCfg = Release|Any CPU
		{40B99146-8D14-4191-98BE-FA7CFDB1F90A}.Release|Any CPU.Build.0 = Release|Any CPU
		{733F5CD9-17A7-42FF-94E3-F537038B6E5C}.Debug|Any CPU.ActiveCfg = Debug|Any CPU
		{733F5CD9-17A7-42FF-94E3-F537038B6E5C}.Debug|Any CPU.Build.0 = Debug|Any CPU
		{733F5CD9-17A7-42FF-94E3-F537038B6E5C}.Release|Any CPU.ActiveCfg = Release|Any CPU
		{733F5CD9-17A7-42FF-94E3-F537038B6E5C}.Release|Any CPU.Build.0 = Release|Any CPU
		{A4A84B53-73DD-428C-8ACC-E389C3198744}.Debug|Any CPU.ActiveCfg = Debug|Any CPU
		{A4A84B53-73DD-428C-8ACC-E389C3198744}.Debug|Any CPU.Build.0 = Debug|Any CPU
		{A4A84B53-73DD-428C-8ACC-E389C3198744}.Release|Any CPU.ActiveCfg = Release|Any CPU
		{A4A84B53-73DD-428C-8ACC-E389C3198744}.Release|Any CPU.Build.0 = Release|Any CPU
		{F9CD0E01-42CB-4B01-875F-9FE8A10FE835}.Debug|Any CPU.ActiveCfg = Debug|Any CPU
		{F9CD0E01-42CB-4B01-875F-9FE8A10FE835}.Debug|Any CPU.Build.0 = Debug|Any CPU
		{F9CD0E01-42CB-4B01-875F-9FE8A10FE835}.Release|Any CPU.ActiveCfg = Release|Any CPU
		{F9CD0E01-42CB-4B01-875F-9FE8A10FE835}.Release|Any CPU.Build.0 = Release|Any CPU
		{F8AB2827-D427-4BE1-9B1C-B2478006B599}.Debug|Any CPU.ActiveCfg = Debug|Any CPU
		{F8AB2827-D427-4BE1-9B1C-B2478006B599}.Debug|Any CPU.Build.0 = Debug|Any CPU
		{F8AB2827-D427-4BE1-9B1C-B2478006B599}.Release|Any CPU.ActiveCfg = Release|Any CPU
		{F8AB2827-D427-4BE1-9B1C-B2478006B599}.Release|Any CPU.Build.0 = Release|Any CPU
	EndGlobalSection
	GlobalSection(SolutionProperties) = preSolution
		HideSolutionNode = FALSE
	EndGlobalSection
	GlobalSection(NestedProjects) = preSolution
		{993C45EF-4E7D-40A0-ABE7-46890CAD0785} = {80666117-6D56-47FC-A085-2C0F1A8911BE}
		{B7FF9D60-7537-41B9-B854-7990E2B3E2F6} = {80666117-6D56-47FC-A085-2C0F1A8911BE}
		{7DCA8627-439D-4445-9F58-C2DE445913EF} = {80666117-6D56-47FC-A085-2C0F1A8911BE}
		{F71DBEC9-2A5D-49A1-9563-8829F931BA47} = {80666117-6D56-47FC-A085-2C0F1A8911BE}
		{85E9B4C1-AD8F-4919-8175-2F551CCA5CE3} = {80666117-6D56-47FC-A085-2C0F1A8911BE}
		{20BEC834-C685-4454-8C82-CFE6FA6B0532} = {80666117-6D56-47FC-A085-2C0F1A8911BE}
		{42E8462F-C2A7-4D6D-BF2E-C2C30182F771} = {D159EFFD-ED85-4C45-8BBE-9BACA731191F}
		{0C3049FE-B0F0-4CDB-8DC8-271A3445122A} = {D159EFFD-ED85-4C45-8BBE-9BACA731191F}
		{FE5223D6-88D0-4302-B54C-DEF3FB547759} = {350AA61B-9D8A-4E83-A1A2-F65FD11C7A8A}
		{350AA61B-9D8A-4E83-A1A2-F65FD11C7A8A} = {D159EFFD-ED85-4C45-8BBE-9BACA731191F}
		{B2BE902A-A0DE-4EAE-B9D9-8B63438BBB2B} = {D159EFFD-ED85-4C45-8BBE-9BACA731191F}
		{111B43CB-9A41-4736-8626-0CEDEAF3FACD} = {80666117-6D56-47FC-A085-2C0F1A8911BE}
		{6BF2A59D-4317-4624-AFC2-5E0FF2A0399D} = {68E05FC7-A3C1-491F-A4EA-8F4B7398FB4E}
		{F7E9F5DB-9212-4105-B2F8-0F3873C2538B} = {9F594A0A-47E1-41DC-8700-B5EC677A7048}
		{CFF35B55-B1B3-43AC-AD20-308E444F66B8} = {9F594A0A-47E1-41DC-8700-B5EC677A7048}
		{7EB22873-C1C7-4838-81BC-5D2D0339033C} = {58693F2C-10A8-4139-8427-8A8CD696ABFB}
		{58693F2C-10A8-4139-8427-8A8CD696ABFB} = {9F594A0A-47E1-41DC-8700-B5EC677A7048}
		{07C8DD14-5107-4A7D-AF12-1E22279ABA5B} = {9F594A0A-47E1-41DC-8700-B5EC677A7048}
		{93371806-A7E1-454F-9B86-C109CD682ACC} = {0E6631BF-7CFD-4A25-8F7F-6825305A32C9}
		{097DC37C-7AE4-457E-95A1-E54695DDE73D} = {0E6631BF-7CFD-4A25-8F7F-6825305A32C9}
		{5CF48A1C-8868-4A25-BDBE-E5FBC57670E4} = {57DFC6EC-0223-4FFE-A1E3-EE72507F3FA5}
		{57DFC6EC-0223-4FFE-A1E3-EE72507F3FA5} = {0E6631BF-7CFD-4A25-8F7F-6825305A32C9}
		{20AC27D0-70FE-4807-AE4F-5F0FFE1AF907} = {0E6631BF-7CFD-4A25-8F7F-6825305A32C9}
		{CFABDFB4-498C-4E36-BDB0-DB39F3E0DE03} = {65904751-028E-438F-A94F-2E5A2F6EBEBD}
		{49115E9F-A559-453D-8E1E-7325F59FE15F} = {65904751-028E-438F-A94F-2E5A2F6EBEBD}
		{40B99146-8D14-4191-98BE-FA7CFDB1F90A} = {C4A24505-B9BF-4072-997E-4D84A21489E6}
		{733F5CD9-17A7-42FF-94E3-F537038B6E5C} = {C4A24505-B9BF-4072-997E-4D84A21489E6}
		{A4A84B53-73DD-428C-8ACC-E389C3198744} = {ABB3CB1A-8B9C-4C6C-9C67-020506CCCD78}
		{ABB3CB1A-8B9C-4C6C-9C67-020506CCCD78} = {C4A24505-B9BF-4072-997E-4D84A21489E6}
		{F9CD0E01-42CB-4B01-875F-9FE8A10FE835} = {C4A24505-B9BF-4072-997E-4D84A21489E6}
		{F8AB2827-D427-4BE1-9B1C-B2478006B599} = {65904751-028E-438F-A94F-2E5A2F6EBEBD}
	EndGlobalSection
	GlobalSection(ExtensibilityGlobals) = postSolution
		SolutionGuid = {0BD1E17F-F911-43A2-B0D9-09C67B2AC0E5}
	EndGlobalSection
EndGlobal
