
Microsoft Visual Studio Solution File, Format Version 12.00
# Visual Studio 15
VisualStudioVersion = 15.0.27004.2008
MinimumVisualStudioVersion = 10.0.40219.1
Project("{FAE04EC0-301F-11D3-BF4B-00C04F79EFBC}") = "AspNetVs2017.Capitulo01.Variaveis", "AspNetVs2017.Capitulo01.Variaveis\AspNetVs2017.Capitulo01.Variaveis.csproj", "{993C45EF-4E7D-40A0-ABE7-46890CAD0785}"
EndProject
Project("{FAE04EC0-301F-11D3-BF4B-00C04F79EFBC}") = "AspNetVS2017.Capitulo01.Troco", "AspNetVS2017.Capitulo01.Troco\AspNetVS2017.Capitulo01.Troco.csproj", "{B7FF9D60-7537-41B9-B854-7990E2B3E2F6}"
EndProject
Project("{FAE04EC0-301F-11D3-BF4B-00C04F79EFBC}") = "AspNetVS2017.Capitulo01.Fretes", "AspNetVS2017.Capitulo01.Fretes\AspNetVS2017.Capitulo01.Fretes.csproj", "{7DCA8627-439D-4445-9F58-C2DE445913EF}"
EndProject
Project("{FAE04EC0-301F-11D3-BF4B-00C04F79EFBC}") = "AspNetVS2017.Capitulo01.Tabuada", "AspNetVS2017.Capitulo01.Tabuada\AspNetVS2017.Capitulo01.Tabuada.csproj", "{F71DBEC9-2A5D-49A1-9563-8829F931BA47}"
EndProject
Project("{FAE04EC0-301F-11D3-BF4B-00C04F79EFBC}") = "AspNetVS2017.Capitulo01.Repeticao.Testes", "AspNetVS2017.Capitulo01.Repeticao.Testes\AspNetVS2017.Capitulo01.Repeticao.Testes.csproj", "{85E9B4C1-AD8F-4919-8175-2F551CCA5CE3}"
EndProject
Project("{FAE04EC0-301F-11D3-BF4B-00C04F79EFBC}") = "AspNetVS2017.Capitulo01.Vetores.Testes", "AspNetVS2017.Capitulo01.Vetores.Testes\AspNetVS2017.Capitulo01.Vetores.Testes.csproj", "{20BEC834-C685-4454-8C82-CFE6FA6B0532}"
EndProject
Project("{2150E333-8FDC-42A3-9474-1A3956D46DE8}") = "Oficina", "Oficina", "{D159EFFD-ED85-4C45-8BBE-9BACA731191F}"
EndProject
Project("{FAE04EC0-301F-11D3-BF4B-00C04F79EFBC}") = "Oficina.Dominio", "Oficina.Dominio\Oficina.Dominio.csproj", "{42E8462F-C2A7-4D6D-BF2E-C2C30182F771}"
EndProject
Project("{FAE04EC0-301F-11D3-BF4B-00C04F79EFBC}") = "Oficina.Repositorios.SistemaDeArquivos", "Oficina.Repositorios.SistemaDeArquivos\Oficina.Repositorios.SistemaDeArquivos.csproj", "{0C3049FE-B0F0-4CDB-8DC8-271A3445122A}"
EndProject
Project("{2150E333-8FDC-42A3-9474-1A3956D46DE8}") = "Exercicios", "Exercicios", "{80666117-6D56-47FC-A085-2C0F1A8911BE}"
EndProject
Project("{FAE04EC0-301F-11D3-BF4B-00C04F79EFBC}") = "Oficina.Repositorios.SistemaDeArquivosTests", "Oficina.Repositorios.SistemaDeArquivosTests\Oficina.Repositorios.SistemaDeArquivosTests.csproj", "{FE5223D6-88D0-4302-B54C-DEF3FB547759}"
EndProject
Global
	GlobalSection(SolutionConfigurationPlatforms) = preSolution
		Debug|Any CPU = Debug|Any CPU
		Release|Any CPU = Release|Any CPU
	EndGlobalSection
	GlobalSection(ProjectConfigurationPlatforms) = postSolution
		{993C45EF-4E7D-40A0-ABE7-46890CAD0785}.Debug|Any CPU.ActiveCfg = Debug|Any CPU
		{993C45EF-4E7D-40A0-ABE7-46890CAD0785}.Debug|Any CPU.Build.0 = Debug|Any CPU
		{993C45EF-4E7D-40A0-ABE7-46890CAD0785}.Release|Any CPU.ActiveCfg = Release|Any CPU
		{993C45EF-4E7D-40A0-ABE7-46890CAD0785}.Release|Any CPU.Build.0 = Release|Any CPU
		{B7FF9D60-7537-41B9-B854-7990E2B3E2F6}.Debug|Any CPU.ActiveCfg = Debug|Any CPU
		{B7FF9D60-7537-41B9-B854-7990E2B3E2F6}.Debug|Any CPU.Build.0 = Debug|Any CPU
		{B7FF9D60-7537-41B9-B854-7990E2B3E2F6}.Release|Any CPU.ActiveCfg = Release|Any CPU
		{B7FF9D60-7537-41B9-B854-7990E2B3E2F6}.Release|Any CPU.Build.0 = Release|Any CPU
		{7DCA8627-439D-4445-9F58-C2DE445913EF}.Debug|Any CPU.ActiveCfg = Debug|Any CPU
		{7DCA8627-439D-4445-9F58-C2DE445913EF}.Debug|Any CPU.Build.0 = Debug|Any CPU
		{7DCA8627-439D-4445-9F58-C2DE445913EF}.Release|Any CPU.ActiveCfg = Release|Any CPU
		{7DCA8627-439D-4445-9F58-C2DE445913EF}.Release|Any CPU.Build.0 = Release|Any CPU
		{F71DBEC9-2A5D-49A1-9563-8829F931BA47}.Debug|Any CPU.ActiveCfg = Debug|Any CPU
		{F71DBEC9-2A5D-49A1-9563-8829F931BA47}.Debug|Any CPU.Build.0 = Debug|Any CPU
		{F71DBEC9-2A5D-49A1-9563-8829F931BA47}.Release|Any CPU.ActiveCfg = Release|Any CPU
		{F71DBEC9-2A5D-49A1-9563-8829F931BA47}.Release|Any CPU.Build.0 = Release|Any CPU
		{85E9B4C1-AD8F-4919-8175-2F551CCA5CE3}.Debug|Any CPU.ActiveCfg = Debug|Any CPU
		{85E9B4C1-AD8F-4919-8175-2F551CCA5CE3}.Debug|Any CPU.Build.0 = Debug|Any CPU
		{85E9B4C1-AD8F-4919-8175-2F551CCA5CE3}.Release|Any CPU.ActiveCfg = Release|Any CPU
		{85E9B4C1-AD8F-4919-8175-2F551CCA5CE3}.Release|Any CPU.Build.0 = Release|Any CPU
		{20BEC834-C685-4454-8C82-CFE6FA6B0532}.Debug|Any CPU.ActiveCfg = Debug|Any CPU
		{20BEC834-C685-4454-8C82-CFE6FA6B0532}.Debug|Any CPU.Build.0 = Debug|Any CPU
		{20BEC834-C685-4454-8C82-CFE6FA6B0532}.Release|Any CPU.ActiveCfg = Release|Any CPU
		{20BEC834-C685-4454-8C82-CFE6FA6B0532}.Release|Any CPU.Build.0 = Release|Any CPU
		{42E8462F-C2A7-4D6D-BF2E-C2C30182F771}.Debug|Any CPU.ActiveCfg = Debug|Any CPU
		{42E8462F-C2A7-4D6D-BF2E-C2C30182F771}.Debug|Any CPU.Build.0 = Debug|Any CPU
		{42E8462F-C2A7-4D6D-BF2E-C2C30182F771}.Release|Any CPU.ActiveCfg = Release|Any CPU
		{42E8462F-C2A7-4D6D-BF2E-C2C30182F771}.Release|Any CPU.Build.0 = Release|Any CPU
		{0C3049FE-B0F0-4CDB-8DC8-271A3445122A}.Debug|Any CPU.ActiveCfg = Debug|Any CPU
		{0C3049FE-B0F0-4CDB-8DC8-271A3445122A}.Debug|Any CPU.Build.0 = Debug|Any CPU
		{0C3049FE-B0F0-4CDB-8DC8-271A3445122A}.Release|Any CPU.ActiveCfg = Release|Any CPU
		{0C3049FE-B0F0-4CDB-8DC8-271A3445122A}.Release|Any CPU.Build.0 = Release|Any CPU
		{FE5223D6-88D0-4302-B54C-DEF3FB547759}.Debug|Any CPU.ActiveCfg = Debug|Any CPU
		{FE5223D6-88D0-4302-B54C-DEF3FB547759}.Debug|Any CPU.Build.0 = Debug|Any CPU
		{FE5223D6-88D0-4302-B54C-DEF3FB547759}.Release|Any CPU.ActiveCfg = Release|Any CPU
		{FE5223D6-88D0-4302-B54C-DEF3FB547759}.Release|Any CPU.Build.0 = Release|Any CPU
	EndGlobalSection
	GlobalSection(SolutionProperties) = preSolution
		HideSolutionNode = FALSE
	EndGlobalSection
	GlobalSection(NestedProjects) = preSolution
		{993C45EF-4E7D-40A0-ABE7-46890CAD0785} = {80666117-6D56-47FC-A085-2C0F1A8911BE}
		{B7FF9D60-7537-41B9-B854-7990E2B3E2F6} = {80666117-6D56-47FC-A085-2C0F1A8911BE}
		{7DCA8627-439D-4445-9F58-C2DE445913EF} = {80666117-6D56-47FC-A085-2C0F1A8911BE}
		{F71DBEC9-2A5D-49A1-9563-8829F931BA47} = {80666117-6D56-47FC-A085-2C0F1A8911BE}
		{85E9B4C1-AD8F-4919-8175-2F551CCA5CE3} = {80666117-6D56-47FC-A085-2C0F1A8911BE}
		{20BEC834-C685-4454-8C82-CFE6FA6B0532} = {80666117-6D56-47FC-A085-2C0F1A8911BE}
		{42E8462F-C2A7-4D6D-BF2E-C2C30182F771} = {D159EFFD-ED85-4C45-8BBE-9BACA731191F}
		{0C3049FE-B0F0-4CDB-8DC8-271A3445122A} = {D159EFFD-ED85-4C45-8BBE-9BACA731191F}
		{FE5223D6-88D0-4302-B54C-DEF3FB547759} = {D159EFFD-ED85-4C45-8BBE-9BACA731191F}
	EndGlobalSection
	GlobalSection(ExtensibilityGlobals) = postSolution
		SolutionGuid = {0BD1E17F-F911-43A2-B0D9-09C67B2AC0E5}
	EndGlobalSection
EndGlobal
